
Microsoft Visual Studio Solution File, Format Version 12.00
# Visual Studio Version 17
VisualStudioVersion = 17.5.33424.131
MinimumVisualStudioVersion = 10.0.40219.1
Project("{FAE04EC0-301F-11D3-BF4B-00C04F79EFBC}") = "Caterer", "Caterer\Caterer.csproj", "{30FF8561-3684-4FAA-AD6E-AF94B5FFFA75}"
EndProject
Global
	GlobalSection(SolutionConfigurationPlatforms) = preSolution
		Debug|Any CPU = Debug|Any CPU
		Release|Any CPU = Release|Any CPU
	EndGlobalSection
	GlobalSection(ProjectConfigurationPlatforms) = postSolution
		{30FF8561-3684-4FAA-AD6E-AF94B5FFFA75}.Debug|Any CPU.ActiveCfg = Debug|Any CPU
		{30FF8561-3684-4FAA-AD6E-AF94B5FFFA75}.Debug|Any CPU.Build.0 = Debug|Any CPU
		{30FF8561-3684-4FAA-AD6E-AF94B5FFFA75}.Release|Any CPU.ActiveCfg = Release|Any CPU
		{30FF8561-3684-4FAA-AD6E-AF94B5FFFA75}.Release|Any CPU.Build.0 = Release|Any CPU
	EndGlobalSection
	GlobalSection(SolutionProperties) = preSolution
		HideSolutionNode = FALSE
	EndGlobalSection
	GlobalSection(ExtensibilityGlobals) = postSolution
		SolutionGuid = {344B5178-509F-43FD-B4F7-A86B7F1C5E60}
	EndGlobalSection
EndGlobal
